
Microsoft Visual Studio Solution File, Format Version 12.00
# Visual Studio Version 16
VisualStudioVersion = 16.0.31105.61
MinimumVisualStudioVersion = 10.0.40219.1
Project("{FAE04EC0-301F-11D3-BF4B-00C04F79EFBC}") = "BinarySearchAlgorythm", "BinarySearchAlgorythm\BinarySearchAlgorythm.csproj", "{AC00BF75-B5C4-4280-BC73-A6AD6EE0C1C2}"
EndProject
Global
	GlobalSection(SolutionConfigurationPlatforms) = preSolution
		Debug|Any CPU = Debug|Any CPU
		Release|Any CPU = Release|Any CPU
	EndGlobalSection
	GlobalSection(ProjectConfigurationPlatforms) = postSolution
		{AC00BF75-B5C4-4280-BC73-A6AD6EE0C1C2}.Debug|Any CPU.ActiveCfg = Debug|Any CPU
		{AC00BF75-B5C4-4280-BC73-A6AD6EE0C1C2}.Debug|Any CPU.Build.0 = Debug|Any CPU
		{AC00BF75-B5C4-4280-BC73-A6AD6EE0C1C2}.Release|Any CPU.ActiveCfg = Release|Any CPU
		{AC00BF75-B5C4-4280-BC73-A6AD6EE0C1C2}.Release|Any CPU.Build.0 = Release|Any CPU
	EndGlobalSection
	GlobalSection(SolutionProperties) = preSolution
		HideSolutionNode = FALSE
	EndGlobalSection
	GlobalSection(ExtensibilityGlobals) = postSolution
		SolutionGuid = {9C207650-F03C-4BCC-8C3D-D266A2404201}
	EndGlobalSection
EndGlobal
